
Microsoft Visual Studio Solution File, Format Version 12.00
# Visual Studio Version 17
VisualStudioVersion = 17.6.33723.286
MinimumVisualStudioVersion = 10.0.40219.1
Project("{FAE04EC0-301F-11D3-BF4B-00C04F79EFBC}") = "tongsingo", "tongsingo\tongsingo.csproj", "{2560DAAA-116F-4953-93CB-57F546BEB98B}"
EndProject
Global
	GlobalSection(SolutionConfigurationPlatforms) = preSolution
		Debug|Any CPU = Debug|Any CPU
		Release|Any CPU = Release|Any CPU
	EndGlobalSection
	GlobalSection(ProjectConfigurationPlatforms) = postSolution
		{2560DAAA-116F-4953-93CB-57F546BEB98B}.Debug|Any CPU.ActiveCfg = Debug|Any CPU
		{2560DAAA-116F-4953-93CB-57F546BEB98B}.Debug|Any CPU.Build.0 = Debug|Any CPU
		{2560DAAA-116F-4953-93CB-57F546BEB98B}.Release|Any CPU.ActiveCfg = Release|Any CPU
		{2560DAAA-116F-4953-93CB-57F546BEB98B}.Release|Any CPU.Build.0 = Release|Any CPU
	EndGlobalSection
	GlobalSection(SolutionProperties) = preSolution
		HideSolutionNode = FALSE
	EndGlobalSection
	GlobalSection(ExtensibilityGlobals) = postSolution
		SolutionGuid = {93CD5406-9E66-4469-8A18-CA5D2D7B05AB}
	EndGlobalSection
EndGlobal
